
Microsoft Visual Studio Solution File, Format Version 12.00
# Visual Studio Version 17
VisualStudioVersion = 17.13.35818.85 d17.13
MinimumVisualStudioVersion = 10.0.40219.1
Project("{FAE04EC0-301F-11D3-BF4B-00C04F79EFBC}") = "AgriEnergy", "AgriEnergy\AgriEnergy.csproj", "{DFC26E88-CB78-45C6-A069-9FA9376C4124}"
EndProject
Global
	GlobalSection(SolutionConfigurationPlatforms) = preSolution
		Debug|Any CPU = Debug|Any CPU
		Release|Any CPU = Release|Any CPU
	EndGlobalSection
	GlobalSection(ProjectConfigurationPlatforms) = postSolution
		{DFC26E88-CB78-45C6-A069-9FA9376C4124}.Debug|Any CPU.ActiveCfg = Debug|Any CPU
		{DFC26E88-CB78-45C6-A069-9FA9376C4124}.Debug|Any CPU.Build.0 = Debug|Any CPU
		{DFC26E88-CB78-45C6-A069-9FA9376C4124}.Release|Any CPU.ActiveCfg = Release|Any CPU
		{DFC26E88-CB78-45C6-A069-9FA9376C4124}.Release|Any CPU.Build.0 = Release|Any CPU
	EndGlobalSection
	GlobalSection(SolutionProperties) = preSolution
		HideSolutionNode = FALSE
	EndGlobalSection
	GlobalSection(ExtensibilityGlobals) = postSolution
		SolutionGuid = {1959D431-B452-42FF-9224-5D8DD9E60CA8}
	EndGlobalSection
EndGlobal
